
Microsoft Visual Studio Solution File, Format Version 12.00
# Visual Studio Version 17
VisualStudioVersion = 17.0.31903.59
MinimumVisualStudioVersion = 10.0.40219.1
Project("{2150E333-8FDC-42A3-9474-1A3956D46DE8}") = "src", "src", "{76254BA0-FF99-4F59-9A7F-C9DDD649AF26}"
EndProject
Project("{9A19103F-16F7-4668-BE54-9A1E7A4F7556}") = "EcoBrace.Ui", "src\EcoBrace.Ui\EcoBrace.Ui.csproj", "{15F27474-A3A6-4603-A956-1630BF3C3700}"
EndProject
Project("{2150E333-8FDC-42A3-9474-1A3956D46DE8}") = "tests", "tests", "{0330B1EA-D870-41FB-ABE8-465BE52A80CC}"
EndProject
Project("{9A19103F-16F7-4668-BE54-9A1E7A4F7556}") = "EcoBrace.Ui.UnitTests", "tests\EcoBrace.Ui.UnitTests\EcoBrace.Ui.UnitTests.csproj", "{D97ABBBC-BCBE-4823-979D-8101DF3F70E2}"
EndProject
Global
	GlobalSection(SolutionConfigurationPlatforms) = preSolution
		Debug|Any CPU = Debug|Any CPU
		Release|Any CPU = Release|Any CPU
	EndGlobalSection
	GlobalSection(ProjectConfigurationPlatforms) = postSolution
		{15F27474-A3A6-4603-A956-1630BF3C3700}.Debug|Any CPU.ActiveCfg = Debug|Any CPU
		{15F27474-A3A6-4603-A956-1630BF3C3700}.Debug|Any CPU.Build.0 = Debug|Any CPU
		{15F27474-A3A6-4603-A956-1630BF3C3700}.Release|Any CPU.ActiveCfg = Release|Any CPU
		{15F27474-A3A6-4603-A956-1630BF3C3700}.Release|Any CPU.Build.0 = Release|Any CPU
		{D97ABBBC-BCBE-4823-979D-8101DF3F70E2}.Debug|Any CPU.ActiveCfg = Debug|Any CPU
		{D97ABBBC-BCBE-4823-979D-8101DF3F70E2}.Debug|Any CPU.Build.0 = Debug|Any CPU
		{D97ABBBC-BCBE-4823-979D-8101DF3F70E2}.Release|Any CPU.ActiveCfg = Release|Any CPU
		{D97ABBBC-BCBE-4823-979D-8101DF3F70E2}.Release|Any CPU.Build.0 = Release|Any CPU
	EndGlobalSection
	GlobalSection(SolutionProperties) = preSolution
		HideSolutionNode = FALSE
	EndGlobalSection
	GlobalSection(NestedProjects) = preSolution
		{15F27474-A3A6-4603-A956-1630BF3C3700} = {76254BA0-FF99-4F59-9A7F-C9DDD649AF26}
		{D97ABBBC-BCBE-4823-979D-8101DF3F70E2} = {0330B1EA-D870-41FB-ABE8-465BE52A80CC}
	EndGlobalSection
	GlobalSection(ExtensibilityGlobals) = postSolution
		SolutionGuid = {7FFE0E4F-E494-428B-B020-C22284DC65C2}
	EndGlobalSection
EndGlobal
